# THIS IS AN AUTOGENERATED FILE. DO NOT EDIT THIS FILE DIRECTLY.
# yarn lockfile v1


"@babel/runtime@>=7.0.0-beta.56":
  version "7.4.5"
  resolved "https://registry.yarnpkg.com/@babel/runtime/-/runtime-7.4.5.tgz#582bb531f5f9dc67d2fcb682979894f75e253f12"
  integrity sha512-TuI4qpWZP6lGOGIuGWtp9sPluqYICmbk8T/1vpSysqJxRPkudh/ofFWyqdcMsDf2s7KvDL4/YHgKyvcS3g9CJQ==
  dependencies:
    regenerator-runtime "^0.13.2"

classnames@^2.2.6:
  version "2.2.6"
  resolved "https://registry.yarnpkg.com/classnames/-/classnames-2.2.6.tgz#43935bffdd291f326dad0a205309b38d00f650ce"
  integrity sha512-JR/iSQOSt+LQIWwrwEzJ9uk0xfN3mTVYMwt1Ir5mUcSN6pU+V4zQFFaJsclJbPuAUQH+yfWef6tm7l1quW3C8Q==

copy-to-clipboard@^3.2.0:
  version "3.2.0"
  resolved "https://registry.yarnpkg.com/copy-to-clipboard/-/copy-to-clipboard-3.2.0.tgz#d2724a3ccbfed89706fac8a894872c979ac74467"
  integrity sha512-eOZERzvCmxS8HWzugj4Uxl8OJxa7T2k1Gi0X5qavwydHIfuSHq2dTD09LOg/XyGq4Zpb5IsR/2OJ5lbOegz78w==
  dependencies:
    toggle-selection "^1.0.6"

"js-tokens@^3.0.0 || ^4.0.0":
  version "4.0.0"
  resolved "https://registry.yarnpkg.com/js-tokens/-/js-tokens-4.0.0.tgz#19203fb59991df98e3a287050d4647cdeaf32499"
  integrity sha512-RdJUflcE3cUzKiMqQgsCu06FPu9UdIJO0beYbPhHN4k6apgJtifcoCtT9bcxOpYBtpD2kCM6Sbzg4CausW/PKQ==

keymaster@^1.6.2:
  version "1.6.2"
  resolved "https://registry.yarnpkg.com/keymaster/-/keymaster-1.6.2.tgz#e1ae54d0ea9488f9f60b66b668f02e9a1946c6eb"
  integrity sha1-4a5U0OqUiPn2C2a2aPAumhlGxus=

lodash._getnative@^3.0.0:
  version "3.9.1"
  resolved "https://registry.yarnpkg.com/lodash._getnative/-/lodash._getnative-3.9.1.tgz#570bc7dede46d61cdcde687d65d3eecbaa3aaff5"
  integrity sha1-VwvH3t5G1hzc3mh9ZdPuy6o6r/U=

lodash.debounce@^3.1.1:
  version "3.1.1"
  resolved "https://registry.yarnpkg.com/lodash.debounce/-/lodash.debounce-3.1.1.tgz#812211c378a94cc29d5aa4e3346cf0bfce3a7df5"
  integrity sha1-gSIRw3ipTMKdWqTjNGzwv846ffU=
  dependencies:
    lodash._getnative "^3.0.0"

loose-envify@^1.4.0:
  version "1.4.0"
  resolved "https://registry.yarnpkg.com/loose-envify/-/loose-envify-1.4.0.tgz#71ee51fa7be4caec1a63839f7e682d8132d30caf"
  integrity sha512-lyuxPGr/Wfhrlem2CL/UcnUc1zcqKAImBDzukY7Y5F/yQiNdko6+fRLevlw1HgMySw7f611UIY408EtxRSoK3Q==
  dependencies:
    js-tokens "^3.0.0 || ^4.0.0"

object-assign@^4.1.1:
  version "4.1.1"
  resolved "https://registry.yarnpkg.com/object-assign/-/object-assign-4.1.1.tgz#2109adc7965887cfc05cbbd442cac8bfbb360863"
  integrity sha1-IQmtx5ZYh8/AXLvUQsrIv7s2CGM=

prop-types@^15.5.8, prop-types@^15.6.0, prop-types@^15.6.2:
  version "15.7.2"
  resolved "https://registry.yarnpkg.com/prop-types/-/prop-types-15.7.2.tgz#52c41e75b8c87e72b9d9360e0206b99dcbffa6c5"
  integrity sha512-8QQikdH7//R2vurIJSutZ1smHYTcLpRWEOlHnzcWHmBYrOGUysKwSsrC89BCiFj3CbrfJ/nXFdJepOVrY1GCHQ==
  dependencies:
    loose-envify "^1.4.0"
    object-assign "^4.1.1"
    react-is "^16.8.1"

react-dock@^0.2.4:
  version "0.2.4"
  resolved "https://registry.yarnpkg.com/react-dock/-/react-dock-0.2.4.tgz#e727dc7550b3b73116635dcb9c0e04d0b7afe17c"
  integrity sha1-5yfcdVCztzEWY13LnA4E0Lev4Xw=
  dependencies:
    lodash.debounce "^3.1.1"
    prop-types "^15.5.8"

react-is@^16.8.1:
  version "16.8.6"
  resolved "https://registry.yarnpkg.com/react-is/-/react-is-16.8.6.tgz#5bbc1e2d29141c9fbdfed456343fe2bc430a6a16"
  integrity sha512-aUk3bHfZ2bRSVFFbbeVS4i+lNPZr3/WM5jT2J5omUVV1zzcs1nAaf3l51ctA5FFvCRbhrH0bdAsRRQddFJZPtA==

react-pagify@^2.4.0:
  version "2.4.0"
  resolved "https://registry.yarnpkg.com/react-pagify/-/react-pagify-2.4.0.tgz#3e35457f99b9aface712cc1b53e27ac3c7a249c5"
  integrity sha512-CkZ9x+ad1izA+sbLudo1ucuagpYYMndJAIJVyQvWd8I1ggvfRAhXIjrXKh9H6DKwvGCtrDcC6SoYQIr97jSgcw==
  dependencies:
    prop-types "^15.6.0"

react-popup@^0.10.0:
  version "0.10.0"
  resolved "https://registry.yarnpkg.com/react-popup/-/react-popup-0.10.0.tgz#8e8a7cd9a8b46d8f981c0216756e32ff2cacf2ac"
  integrity sha512-NPO65MsAznv/JaP3MDz3DAqKJsA8fEcW5ttzTj6wGXtjPi0qDeB+f+hf4IbMcVrlJ2ZG4uHEdgL6B5QP/AGv3Q==
  dependencies:
    keymaster "^1.6.2"

react-sidebar@^3.0.2:
  version "3.0.2"
  resolved "https://registry.yarnpkg.com/react-sidebar/-/react-sidebar-3.0.2.tgz#cf695b5a78098e70460c847fb0c6c81cfd896c37"
  integrity sha512-LG/JO1cJvdRqSmUT+DOhJrml/b45/UqM9nm8emcgbJb5EKNegKCObZcrRqyzVix42VfFf0odytviAAFEYYTu1Q==
  dependencies:
    "@babel/runtime" ">=7.0.0-beta.56"
    prop-types "^15.6.2"

regenerator-runtime@^0.13.2:
  version "0.13.2"
  resolved "https://registry.yarnpkg.com/regenerator-runtime/-/regenerator-runtime-0.13.2.tgz#32e59c9a6fb9b1a4aff09b4930ca2d4477343447"
  integrity sha512-S/TQAZJO+D3m9xeN1WTI8dLKBBiRgXBlTJvbWjCThHWZj9EvHK70Ff50/tYj2J/fvBY6JtFVwRuazHN2E7M9BA==

toggle-selection@^1.0.6:
  version "1.0.6"
  resolved "https://registry.yarnpkg.com/toggle-selection/-/toggle-selection-1.0.6.tgz#6e45b1263f2017fa0acc7d89d78b15b8bf77da32"
  integrity sha1-bkWxJj8gF/oKzH2J14sVuL932jI=
